
Microsoft Visual Studio Solution File, Format Version 12.00
# Visual Studio 14
VisualStudioVersion = 14.0.25420.1
MinimumVisualStudioVersion = 10.0.40219.1
Project("{FAE04EC0-301F-11D3-BF4B-00C04F79EFBC}") = "Site", "Site\Site.csproj", "{4173A1AC-2566-4B84-A8EF-DF6BB7895317}"
EndProject
Project("{FAE04EC0-301F-11D3-BF4B-00C04F79EFBC}") = "Site.Admin", "Site.Admin\Site.Admin.csproj", "{51AE8CAD-E6A1-4EDC-B711-9CAAA9DA3846}"
EndProject
Global
	GlobalSection(SolutionConfigurationPlatforms) = preSolution
		Debug|Any CPU = Debug|Any CPU
		Release|Any CPU = Release|Any CPU
	EndGlobalSection
	GlobalSection(ProjectConfigurationPlatforms) = postSolution
		{4173A1AC-2566-4B84-A8EF-DF6BB7895317}.Debug|Any CPU.ActiveCfg = Debug|Any CPU
		{4173A1AC-2566-4B84-A8EF-DF6BB7895317}.Debug|Any CPU.Build.0 = Debug|Any CPU
		{4173A1AC-2566-4B84-A8EF-DF6BB7895317}.Release|Any CPU.ActiveCfg = Release|Any CPU
		{4173A1AC-2566-4B84-A8EF-DF6BB7895317}.Release|Any CPU.Build.0 = Release|Any CPU
		{51AE8CAD-E6A1-4EDC-B711-9CAAA9DA3846}.Debug|Any CPU.ActiveCfg = Debug|Any CPU
		{51AE8CAD-E6A1-4EDC-B711-9CAAA9DA3846}.Debug|Any CPU.Build.0 = Debug|Any CPU
		{51AE8CAD-E6A1-4EDC-B711-9CAAA9DA3846}.Release|Any CPU.ActiveCfg = Release|Any CPU
		{51AE8CAD-E6A1-4EDC-B711-9CAAA9DA3846}.Release|Any CPU.Build.0 = Release|Any CPU
	EndGlobalSection
	GlobalSection(SolutionProperties) = preSolution
		HideSolutionNode = FALSE
	EndGlobalSection
EndGlobal
